# This file is automatically @generated by Cargo.
# It is not intended for manual editing.
version = 4

[[package]]
name = "oxidite-auth"
version = "0.1.0"

[[package]]
name = "oxidite-cache"
version = "0.1.0"

[[package]]
name = "oxidite-cli"
version = "0.1.0"

[[package]]
name = "oxidite-config"
version = "0.1.0"

[[package]]
name = "oxidite-core"
version = "0.1.0"

[[package]]
name = "oxidite-db"
version = "0.1.0"

[[package]]
name = "oxidite-middleware"
version = "0.1.0"

[[package]]
name = "oxidite-queue"
version = "0.1.0"

[[package]]
name = "oxidite-realtime"
version = "0.1.0"

[[package]]
name = "oxidite-security"
version = "0.1.0"

[[package]]
name = "oxidite-utils"
version = "0.1.0"
